
Microsoft Visual Studio Solution File, Format Version 12.00
# Visual Studio Version 16
VisualStudioVersion = 16.0.30907.101
MinimumVisualStudioVersion = 10.0.40219.1
Project("{F184B08F-C81C-45F6-A57F-5ABD9991F28F}") = "egg", "egg\egg.vbproj", "{48E54B88-AA5C-440D-A31D-EB80D827C5A8}"
EndProject
Global
	GlobalSection(SolutionConfigurationPlatforms) = preSolution
		Debug|Any CPU = Debug|Any CPU
		Release|Any CPU = Release|Any CPU
	EndGlobalSection
	GlobalSection(ProjectConfigurationPlatforms) = postSolution
		{48E54B88-AA5C-440D-A31D-EB80D827C5A8}.Debug|Any CPU.ActiveCfg = Debug|Any CPU
		{48E54B88-AA5C-440D-A31D-EB80D827C5A8}.Debug|Any CPU.Build.0 = Debug|Any CPU
		{48E54B88-AA5C-440D-A31D-EB80D827C5A8}.Release|Any CPU.ActiveCfg = Release|Any CPU
		{48E54B88-AA5C-440D-A31D-EB80D827C5A8}.Release|Any CPU.Build.0 = Release|Any CPU
	EndGlobalSection
	GlobalSection(SolutionProperties) = preSolution
		HideSolutionNode = FALSE
	EndGlobalSection
	GlobalSection(ExtensibilityGlobals) = postSolution
		SolutionGuid = {2239309F-3D2C-4040-B3AC-8F9B805338AA}
	EndGlobalSection
EndGlobal
